
Microsoft Visual Studio Solution File, Format Version 12.00
# Visual Studio Version 17
VisualStudioVersion = 17.5.33516.290
MinimumVisualStudioVersion = 10.0.40219.1
Project("{FAE04EC0-301F-11D3-BF4B-00C04F79EFBC}") = "eTickets", "eTickets\eTickets.csproj", "{0F131BF3-9FD8-480D-964A-A6E8F8724156}"
EndProject
Global
	GlobalSection(SolutionConfigurationPlatforms) = preSolution
		Debug|Any CPU = Debug|Any CPU
		Release|Any CPU = Release|Any CPU
	EndGlobalSection
	GlobalSection(ProjectConfigurationPlatforms) = postSolution
		{0F131BF3-9FD8-480D-964A-A6E8F8724156}.Debug|Any CPU.ActiveCfg = Debug|Any CPU
		{0F131BF3-9FD8-480D-964A-A6E8F8724156}.Debug|Any CPU.Build.0 = Debug|Any CPU
		{0F131BF3-9FD8-480D-964A-A6E8F8724156}.Release|Any CPU.ActiveCfg = Release|Any CPU
		{0F131BF3-9FD8-480D-964A-A6E8F8724156}.Release|Any CPU.Build.0 = Release|Any CPU
	EndGlobalSection
	GlobalSection(SolutionProperties) = preSolution
		HideSolutionNode = FALSE
	EndGlobalSection
	GlobalSection(ExtensibilityGlobals) = postSolution
		SolutionGuid = {A2F98C60-FA8A-4A6B-9658-0BE8AC8D01F9}
	EndGlobalSection
EndGlobal
